
Microsoft Visual Studio Solution File, Format Version 12.00
# Visual Studio Version 17
VisualStudioVersion = 17.4.33213.308
MinimumVisualStudioVersion = 10.0.40219.1
Project("{FAE04EC0-301F-11D3-BF4B-00C04F79EFBC}") = "PaymentDetail.Server", "PaymentDetail.Api\PaymentDetail.Server.csproj", "{924C5231-2DBF-4EC6-8B1F-E982DB479803}"
EndProject
Project("{FAE04EC0-301F-11D3-BF4B-00C04F79EFBC}") = "PaymentDetail.Data", "PaymentDetail.Data\PaymentDetail.Data.csproj", "{E35CD7F9-0D77-4788-8F13-F3FEA03BB5DC}"
EndProject
Project("{FAE04EC0-301F-11D3-BF4B-00C04F79EFBC}") = "PaymentDetail.Common", "PaymentDetail.Common\PaymentDetail.Common.csproj", "{D9E0400E-AC64-48FF-82A2-A34F047FCCB0}"
EndProject
Project("{FAE04EC0-301F-11D3-BF4B-00C04F79EFBC}") = "PaymentDetail.Services", "PaymentDetail.Services\PaymentDetail.Services.csproj", "{B57E1A8F-6B87-4528-BCC1-AA34C68B5D1D}"
EndProject
Project("{FAE04EC0-301F-11D3-BF4B-00C04F79EFBC}") = "PaymentDetail.ViewModels", "PaymentDetail.ViewModels\PaymentDetail.ViewModels.csproj", "{B9923724-8AF3-4BDE-BE6E-62A3E04C2EC3}"
EndProject
Global
	GlobalSection(SolutionConfigurationPlatforms) = preSolution
		Debug|Any CPU = Debug|Any CPU
		Release|Any CPU = Release|Any CPU
	EndGlobalSection
	GlobalSection(ProjectConfigurationPlatforms) = postSolution
		{924C5231-2DBF-4EC6-8B1F-E982DB479803}.Debug|Any CPU.ActiveCfg = Debug|Any CPU
		{924C5231-2DBF-4EC6-8B1F-E982DB479803}.Debug|Any CPU.Build.0 = Debug|Any CPU
		{924C5231-2DBF-4EC6-8B1F-E982DB479803}.Release|Any CPU.ActiveCfg = Release|Any CPU
		{924C5231-2DBF-4EC6-8B1F-E982DB479803}.Release|Any CPU.Build.0 = Release|Any CPU
		{E35CD7F9-0D77-4788-8F13-F3FEA03BB5DC}.Debug|Any CPU.ActiveCfg = Debug|Any CPU
		{E35CD7F9-0D77-4788-8F13-F3FEA03BB5DC}.Debug|Any CPU.Build.0 = Debug|Any CPU
		{E35CD7F9-0D77-4788-8F13-F3FEA03BB5DC}.Release|Any CPU.ActiveCfg = Release|Any CPU
		{E35CD7F9-0D77-4788-8F13-F3FEA03BB5DC}.Release|Any CPU.Build.0 = Release|Any CPU
		{D9E0400E-AC64-48FF-82A2-A34F047FCCB0}.Debug|Any CPU.ActiveCfg = Debug|Any CPU
		{D9E0400E-AC64-48FF-82A2-A34F047FCCB0}.Debug|Any CPU.Build.0 = Debug|Any CPU
		{D9E0400E-AC64-48FF-82A2-A34F047FCCB0}.Release|Any CPU.ActiveCfg = Release|Any CPU
		{D9E0400E-AC64-48FF-82A2-A34F047FCCB0}.Release|Any CPU.Build.0 = Release|Any CPU
		{B57E1A8F-6B87-4528-BCC1-AA34C68B5D1D}.Debug|Any CPU.ActiveCfg = Debug|Any CPU
		{B57E1A8F-6B87-4528-BCC1-AA34C68B5D1D}.Debug|Any CPU.Build.0 = Debug|Any CPU
		{B57E1A8F-6B87-4528-BCC1-AA34C68B5D1D}.Release|Any CPU.ActiveCfg = Release|Any CPU
		{B57E1A8F-6B87-4528-BCC1-AA34C68B5D1D}.Release|Any CPU.Build.0 = Release|Any CPU
		{B9923724-8AF3-4BDE-BE6E-62A3E04C2EC3}.Debug|Any CPU.ActiveCfg = Debug|Any CPU
		{B9923724-8AF3-4BDE-BE6E-62A3E04C2EC3}.Debug|Any CPU.Build.0 = Debug|Any CPU
		{B9923724-8AF3-4BDE-BE6E-62A3E04C2EC3}.Release|Any CPU.ActiveCfg = Release|Any CPU
		{B9923724-8AF3-4BDE-BE6E-62A3E04C2EC3}.Release|Any CPU.Build.0 = Release|Any CPU
	EndGlobalSection
	GlobalSection(SolutionProperties) = preSolution
		HideSolutionNode = FALSE
	EndGlobalSection
	GlobalSection(ExtensibilityGlobals) = postSolution
		SolutionGuid = {023719F1-8F25-488D-B84D-5CAFF9D09F8D}
	EndGlobalSection
EndGlobal
